
Microsoft Visual Studio Solution File, Format Version 12.00
# Visual Studio 15
VisualStudioVersion = 15.0.28307.136
MinimumVisualStudioVersion = 10.0.40219.1
Project("{9A19103F-16F7-4668-BE54-9A1E7A4F7556}") = "TFLStatus.Console", "TFLStatus\TFLStatus.Console.csproj", "{3D661977-2324-4C27-BA18-4FA56C81CC6B}"
EndProject
Project("{9A19103F-16F7-4668-BE54-9A1E7A4F7556}") = "TFLStatusLibrary", "TFLStatusLibrary\TFLStatusLibrary.csproj", "{DB2CB621-5E37-4CA4-BC62-7BCE13BE06EE}"
EndProject
Project("{9A19103F-16F7-4668-BE54-9A1E7A4F7556}") = "ConsoleAppTests", "ConsoleAppTests\ConsoleAppTests.csproj", "{5145025F-B520-44D0-90F1-489F773C648E}"
EndProject
Global
	GlobalSection(SolutionConfigurationPlatforms) = preSolution
		Debug|Any CPU = Debug|Any CPU
		Release|Any CPU = Release|Any CPU
	EndGlobalSection
	GlobalSection(ProjectConfigurationPlatforms) = postSolution
		{3D661977-2324-4C27-BA18-4FA56C81CC6B}.Debug|Any CPU.ActiveCfg = Debug|Any CPU
		{3D661977-2324-4C27-BA18-4FA56C81CC6B}.Debug|Any CPU.Build.0 = Debug|Any CPU
		{3D661977-2324-4C27-BA18-4FA56C81CC6B}.Release|Any CPU.ActiveCfg = Release|Any CPU
		{3D661977-2324-4C27-BA18-4FA56C81CC6B}.Release|Any CPU.Build.0 = Release|Any CPU
		{DB2CB621-5E37-4CA4-BC62-7BCE13BE06EE}.Debug|Any CPU.ActiveCfg = Debug|Any CPU
		{DB2CB621-5E37-4CA4-BC62-7BCE13BE06EE}.Debug|Any CPU.Build.0 = Debug|Any CPU
		{DB2CB621-5E37-4CA4-BC62-7BCE13BE06EE}.Release|Any CPU.ActiveCfg = Release|Any CPU
		{DB2CB621-5E37-4CA4-BC62-7BCE13BE06EE}.Release|Any CPU.Build.0 = Release|Any CPU
		{5145025F-B520-44D0-90F1-489F773C648E}.Debug|Any CPU.ActiveCfg = Debug|Any CPU
		{5145025F-B520-44D0-90F1-489F773C648E}.Debug|Any CPU.Build.0 = Debug|Any CPU
		{5145025F-B520-44D0-90F1-489F773C648E}.Release|Any CPU.ActiveCfg = Release|Any CPU
		{5145025F-B520-44D0-90F1-489F773C648E}.Release|Any CPU.Build.0 = Release|Any CPU
	EndGlobalSection
	GlobalSection(SolutionProperties) = preSolution
		HideSolutionNode = FALSE
	EndGlobalSection
	GlobalSection(ExtensibilityGlobals) = postSolution
		SolutionGuid = {133EA6E7-C20E-4277-8506-032F63F8D62A}
	EndGlobalSection
EndGlobal
